
Microsoft Visual Studio Solution File, Format Version 12.00
# Visual Studio 15
VisualStudioVersion = 15.0.28307.168
MinimumVisualStudioVersion = 10.0.40219.1
Project("{9A19103F-16F7-4668-BE54-9A1E7A4F7556}") = "Msh.Microsoft.Extensions.DependencyInjection.Abstractions", "src\DependencyInjection.Abstractions\Msh.Microsoft.Extensions.DependencyInjection.Abstractions.csproj", "{45E750DE-AE89-43E9-B156-F3859AA44D2F}"
EndProject
Project("{9A19103F-16F7-4668-BE54-9A1E7A4F7556}") = "Msh.Microsoft.Extensions.DependencyInjection", "src\DependencyInjection\Msh.Microsoft.Extensions.DependencyInjection.csproj", "{6B296625-C47E-4A6A-9328-C809471C20A4}"
EndProject
Project("{2150E333-8FDC-42A3-9474-1A3956D46DE8}") = "tests", "tests", "{A8B767DB-C855-41CD-8DE7-B4D39052BD6C}"
EndProject
Project("{9A19103F-16F7-4668-BE54-9A1E7A4F7556}") = "Msh.Microsoft.Extensions.DependencyInjection.Tests", "tests\DependencyInjection.Tests\Msh.Microsoft.Extensions.DependencyInjection.Tests.csproj", "{7285A619-2476-462A-A320-54A7C783B0E9}"
EndProject
Global
	GlobalSection(SolutionConfigurationPlatforms) = preSolution
		Debug|Any CPU = Debug|Any CPU
		Release|Any CPU = Release|Any CPU
	EndGlobalSection
	GlobalSection(ProjectConfigurationPlatforms) = postSolution
		{45E750DE-AE89-43E9-B156-F3859AA44D2F}.Debug|Any CPU.ActiveCfg = Debug|Any CPU
		{45E750DE-AE89-43E9-B156-F3859AA44D2F}.Debug|Any CPU.Build.0 = Debug|Any CPU
		{45E750DE-AE89-43E9-B156-F3859AA44D2F}.Release|Any CPU.ActiveCfg = Release|Any CPU
		{45E750DE-AE89-43E9-B156-F3859AA44D2F}.Release|Any CPU.Build.0 = Release|Any CPU
		{6B296625-C47E-4A6A-9328-C809471C20A4}.Debug|Any CPU.ActiveCfg = Debug|Any CPU
		{6B296625-C47E-4A6A-9328-C809471C20A4}.Debug|Any CPU.Build.0 = Debug|Any CPU
		{6B296625-C47E-4A6A-9328-C809471C20A4}.Release|Any CPU.ActiveCfg = Release|Any CPU
		{6B296625-C47E-4A6A-9328-C809471C20A4}.Release|Any CPU.Build.0 = Release|Any CPU
		{7285A619-2476-462A-A320-54A7C783B0E9}.Debug|Any CPU.ActiveCfg = Debug|Any CPU
		{7285A619-2476-462A-A320-54A7C783B0E9}.Debug|Any CPU.Build.0 = Debug|Any CPU
		{7285A619-2476-462A-A320-54A7C783B0E9}.Release|Any CPU.ActiveCfg = Release|Any CPU
		{7285A619-2476-462A-A320-54A7C783B0E9}.Release|Any CPU.Build.0 = Release|Any CPU
	EndGlobalSection
	GlobalSection(SolutionProperties) = preSolution
		HideSolutionNode = FALSE
	EndGlobalSection
	GlobalSection(NestedProjects) = preSolution
		{7285A619-2476-462A-A320-54A7C783B0E9} = {A8B767DB-C855-41CD-8DE7-B4D39052BD6C}
	EndGlobalSection
	GlobalSection(ExtensibilityGlobals) = postSolution
		SolutionGuid = {DA3C9804-8881-447C-B1E1-EEA15DCD7A46}
	EndGlobalSection
EndGlobal
